// !$*UTF8*$!
{
	archiveVersion = 1;
	classes = {
	};
	objectVersion = 55;
	objects = {

/* Begin PBXBuildFile section */
		0A23671B3518D7AB8E5C1F02 /* Pods_Teleport.framework in Frameworks */ = {isa = PBXBuildFile; fileRef = F23E3C55E03D21091F5F143D /* Pods_Teleport.framework */; };
		13078D0E287880B700E5B6A7 /* UICollectionView+ViewModel.swift in Sources */ = {isa = PBXBuildFile; fileRef = 13078D05287880B600E5B6A7 /* UICollectionView+ViewModel.swift */; };
		13078D0F287880B700E5B6A7 /* UICollectionView+Reusable.swift in Sources */ = {isa = PBXBuildFile; fileRef = 13078D06287880B600E5B6A7 /* UICollectionView+Reusable.swift */; };
		13078D10287880B700E5B6A7 /* AnyCellViewModelProtocol.swift in Sources */ = {isa = PBXBuildFile; fileRef = 13078D07287880B700E5B6A7 /* AnyCellViewModelProtocol.swift */; };
		13078D12287880B700E5B6A7 /* UICollectionView + RxSwift.swift in Sources */ = {isa = PBXBuildFile; fileRef = 13078D09287880B700E5B6A7 /* UICollectionView + RxSwift.swift */; };
		13078D13287880B700E5B6A7 /* String+SelectedSubstring.swift in Sources */ = {isa = PBXBuildFile; fileRef = 13078D0A287880B700E5B6A7 /* String+SelectedSubstring.swift */; };
		13078D14287880B700E5B6A7 /* UITableViewCell+Reusable.swift in Sources */ = {isa = PBXBuildFile; fileRef = 13078D0B287880B700E5B6A7 /* UITableViewCell+Reusable.swift */; };
		13078D15287880B700E5B6A7 /* TableViewCellModelProtocol.swift in Sources */ = {isa = PBXBuildFile; fileRef = 13078D0C287880B700E5B6A7 /* TableViewCellModelProtocol.swift */; };
		13078D16287880B700E5B6A7 /* UITableView + Rx.swift in Sources */ = {isa = PBXBuildFile; fileRef = 13078D0D287880B700E5B6A7 /* UITableView + Rx.swift */; };
		132EC427281DBC3A002CC1B2 /* ContinentsViewController.swift in Sources */ = {isa = PBXBuildFile; fileRef = 132EC426281DBC3A002CC1B2 /* ContinentsViewController.swift */; };
		132EC429281DBC45002CC1B2 /* ContinentsViewModel.swift in Sources */ = {isa = PBXBuildFile; fileRef = 132EC428281DBC45002CC1B2 /* ContinentsViewModel.swift */; };
		132EC42B281DBC80002CC1B2 /* ContinentsTableCell.swift in Sources */ = {isa = PBXBuildFile; fileRef = 132EC42A281DBC80002CC1B2 /* ContinentsTableCell.swift */; };
		132EC42D281DBC91002CC1B2 /* ContinentsTableCellViewModel.swift in Sources */ = {isa = PBXBuildFile; fileRef = 132EC42C281DBC91002CC1B2 /* ContinentsTableCellViewModel.swift */; };
		132EC42F281DC0F4002CC1B2 /* ContinentsResponse.swift in Sources */ = {isa = PBXBuildFile; fileRef = 132EC42E281DC0F4002CC1B2 /* ContinentsResponse.swift */; };
		1350F2252819C70A005CD992 /* Configuration.swift in Sources */ = {isa = PBXBuildFile; fileRef = 1350F2242819C70A005CD992 /* Configuration.swift */; };
		1350F2272819C7A3005CD992 /* Service.swift in Sources */ = {isa = PBXBuildFile; fileRef = 1350F2262819C7A3005CD992 /* Service.swift */; };
		1350F2292819C7AD005CD992 /* Target.swift in Sources */ = {isa = PBXBuildFile; fileRef = 1350F2282819C7AD005CD992 /* Target.swift */; };
		1350F2422819D7D6005CD992 /* TabBarController.swift in Sources */ = {isa = PBXBuildFile; fileRef = 1350F2412819D7D6005CD992 /* TabBarController.swift */; };
		1350F2442819D80A005CD992 /* CustomTabBarView.swift in Sources */ = {isa = PBXBuildFile; fileRef = 1350F2432819D80A005CD992 /* CustomTabBarView.swift */; };
		1350F2462819D92E005CD992 /* TabItem.swift in Sources */ = {isa = PBXBuildFile; fileRef = 1350F2452819D92E005CD992 /* TabItem.swift */; };
		1350F2482819DCBB005CD992 /* TabBarCoordinator.swift in Sources */ = {isa = PBXBuildFile; fileRef = 1350F2472819DCBB005CD992 /* TabBarCoordinator.swift */; };
		1356B0622836404200C4B113 /* AlertController.swift in Sources */ = {isa = PBXBuildFile; fileRef = 1356B0612836404200C4B113 /* AlertController.swift */; };
		1360456228159D1900578AFF /* AppDelegate.swift in Sources */ = {isa = PBXBuildFile; fileRef = 1360456128159D1900578AFF /* AppDelegate.swift */; };
		1360456628159D1900578AFF /* ViewController.swift in Sources */ = {isa = PBXBuildFile; fileRef = 1360456528159D1900578AFF /* ViewController.swift */; };
		1360456928159D1900578AFF /* Main.storyboard in Resources */ = {isa = PBXBuildFile; fileRef = 1360456728159D1900578AFF /* Main.storyboard */; };
		1360456B28159D1F00578AFF /* Assets.xcassets in Resources */ = {isa = PBXBuildFile; fileRef = 1360456A28159D1F00578AFF /* Assets.xcassets */; };
		1360456E28159D1F00578AFF /* LaunchScreen.storyboard in Resources */ = {isa = PBXBuildFile; fileRef = 1360456C28159D1F00578AFF /* LaunchScreen.storyboard */; };
		1360457928159D2000578AFF /* TeleportTests.swift in Sources */ = {isa = PBXBuildFile; fileRef = 1360457828159D2000578AFF /* TeleportTests.swift */; };
		1360458328159D2000578AFF /* TeleportUITests.swift in Sources */ = {isa = PBXBuildFile; fileRef = 1360458228159D2000578AFF /* TeleportUITests.swift */; };
		1360458528159D2000578AFF /* TeleportUITestsLaunchTests.swift in Sources */ = {isa = PBXBuildFile; fileRef = 1360458428159D2000578AFF /* TeleportUITestsLaunchTests.swift */; };
		138A3CFE28268B0A00996FC4 /* ContinentCountryViewController.swift in Sources */ = {isa = PBXBuildFile; fileRef = 138A3CFD28268B0A00996FC4 /* ContinentCountryViewController.swift */; };
		138A3D0028268B2900996FC4 /* ContinentCountryViewModel.swift in Sources */ = {isa = PBXBuildFile; fileRef = 138A3CFF28268B2900996FC4 /* ContinentCountryViewModel.swift */; };
		138A3D0328268B4800996FC4 /* ContinentCountryCell.swift in Sources */ = {isa = PBXBuildFile; fileRef = 138A3D0228268B4800996FC4 /* ContinentCountryCell.swift */; };
		138A3D0528268B6000996FC4 /* ContinentCountryCellViewModel.swift in Sources */ = {isa = PBXBuildFile; fileRef = 138A3D0428268B6000996FC4 /* ContinentCountryCellViewModel.swift */; };
		138A3D092826927600996FC4 /* ContinentCountryResponse.swift in Sources */ = {isa = PBXBuildFile; fileRef = 138A3D082826927600996FC4 /* ContinentCountryResponse.swift */; };
		1391D8B4282E8F4700E1679E /* UrbanAreasViewController.swift in Sources */ = {isa = PBXBuildFile; fileRef = 1391D8B3282E8F4700E1679E /* UrbanAreasViewController.swift */; };
		1391D8B6282E8F5500E1679E /* UrbanAreasViewModel.swift in Sources */ = {isa = PBXBuildFile; fileRef = 1391D8B5282E8F5500E1679E /* UrbanAreasViewModel.swift */; };
		1391D8B9282E8F6A00E1679E /* UrbanAreasTableCell.swift in Sources */ = {isa = PBXBuildFile; fileRef = 1391D8B8282E8F6A00E1679E /* UrbanAreasTableCell.swift */; };
		1391D8BB282E8F7900E1679E /* UrbanAreasTableCellViewModel.swift in Sources */ = {isa = PBXBuildFile; fileRef = 1391D8BA282E8F7900E1679E /* UrbanAreasTableCellViewModel.swift */; };
		1391D8BD282E900D00E1679E /* UrbansResponse.swift in Sources */ = {isa = PBXBuildFile; fileRef = 1391D8BC282E900D00E1679E /* UrbansResponse.swift */; };
		1391D8C0282F9AFF00E1679E /* SalariesViewController.swift in Sources */ = {isa = PBXBuildFile; fileRef = 1391D8BF282F9AFF00E1679E /* SalariesViewController.swift */; };
		1391D8C2282F9B0C00E1679E /* SalariesViewModel.swift in Sources */ = {isa = PBXBuildFile; fileRef = 1391D8C1282F9B0C00E1679E /* SalariesViewModel.swift */; };
		1391D8C4282F9C4C00E1679E /* SalaryResponse.swift in Sources */ = {isa = PBXBuildFile; fileRef = 1391D8C3282F9C4C00E1679E /* SalaryResponse.swift */; };
		1391D8C7282FA1B300E1679E /* SalariesTableCell.swift in Sources */ = {isa = PBXBuildFile; fileRef = 1391D8C6282FA1B300E1679E /* SalariesTableCell.swift */; };
		1391D8C9282FA1C100E1679E /* SalariesTableCellViewModel.swift in Sources */ = {isa = PBXBuildFile; fileRef = 1391D8C8282FA1C100E1679E /* SalariesTableCellViewModel.swift */; };
		13BCE222282BB360004D7067 /* SearchCoordinator.swift in Sources */ = {isa = PBXBuildFile; fileRef = 13BCE221282BB360004D7067 /* SearchCoordinator.swift */; };
		13BCE226282BB3BF004D7067 /* ContinentsCoordinator.swift in Sources */ = {isa = PBXBuildFile; fileRef = 13BCE225282BB3BE004D7067 /* ContinentsCoordinator.swift */; };
		13BCE228282BB3E1004D7067 /* UrbanAreasCoordinator.swift in Sources */ = {isa = PBXBuildFile; fileRef = 13BCE227282BB3E1004D7067 /* UrbanAreasCoordinator.swift */; };
/* End PBXBuildFile section */

/* Begin PBXContainerItemProxy section */
		1360457528159D2000578AFF /* PBXContainerItemProxy */ = {
			isa = PBXContainerItemProxy;
			containerPortal = 1360455628159D1900578AFF /* Project object */;
			proxyType = 1;
			remoteGlobalIDString = 1360455D28159D1900578AFF;
			remoteInfo = Teleport;
		};
		1360457F28159D2000578AFF /* PBXContainerItemProxy */ = {
			isa = PBXContainerItemProxy;
			containerPortal = 1360455628159D1900578AFF /* Project object */;
			proxyType = 1;
			remoteGlobalIDString = 1360455D28159D1900578AFF;
			remoteInfo = Teleport;
		};
/* End PBXContainerItemProxy section */

/* Begin PBXFileReference section */
		13078D05287880B600E5B6A7 /* UICollectionView+ViewModel.swift */ = {isa = PBXFileReference; fileEncoding = 4; lastKnownFileType = sourcecode.swift; path = "UICollectionView+ViewModel.swift"; sourceTree = "<group>"; };
		13078D06287880B600E5B6A7 /* UICollectionView+Reusable.swift */ = {isa = PBXFileReference; fileEncoding = 4; lastKnownFileType = sourcecode.swift; path = "UICollectionView+Reusable.swift"; sourceTree = "<group>"; };
		13078D07287880B700E5B6A7 /* AnyCellViewModelProtocol.swift */ = {isa = PBXFileReference; fileEncoding = 4; lastKnownFileType = sourcecode.swift; path = AnyCellViewModelProtocol.swift; sourceTree = "<group>"; };
		13078D09287880B700E5B6A7 /* UICollectionView + RxSwift.swift */ = {isa = PBXFileReference; fileEncoding = 4; lastKnownFileType = sourcecode.swift; path = "UICollectionView + RxSwift.swift"; sourceTree = "<group>"; };
		13078D0A287880B700E5B6A7 /* String+SelectedSubstring.swift */ = {isa = PBXFileReference; fileEncoding = 4; lastKnownFileType = sourcecode.swift; path = "String+SelectedSubstring.swift"; sourceTree = "<group>"; };
		13078D0B287880B700E5B6A7 /* UITableViewCell+Reusable.swift */ = {isa = PBXFileReference; fileEncoding = 4; lastKnownFileType = sourcecode.swift; path = "UITableViewCell+Reusable.swift"; sourceTree = "<group>"; };
		13078D0C287880B700E5B6A7 /* TableViewCellModelProtocol.swift */ = {isa = PBXFileReference; fileEncoding = 4; lastKnownFileType = sourcecode.swift; path = TableViewCellModelProtocol.swift; sourceTree = "<group>"; };
		13078D0D287880B700E5B6A7 /* UITableView + Rx.swift */ = {isa = PBXFileReference; fileEncoding = 4; lastKnownFileType = sourcecode.swift; path = "UITableView + Rx.swift"; sourceTree = "<group>"; };
		132EC426281DBC3A002CC1B2 /* ContinentsViewController.swift */ = {isa = PBXFileReference; lastKnownFileType = sourcecode.swift; path = ContinentsViewController.swift; sourceTree = "<group>"; };
		132EC428281DBC45002CC1B2 /* ContinentsViewModel.swift */ = {isa = PBXFileReference; lastKnownFileType = sourcecode.swift; path = ContinentsViewModel.swift; sourceTree = "<group>"; };
		132EC42A281DBC80002CC1B2 /* ContinentsTableCell.swift */ = {isa = PBXFileReference; lastKnownFileType = sourcecode.swift; path = ContinentsTableCell.swift; sourceTree = "<group>"; };
		132EC42C281DBC91002CC1B2 /* ContinentsTableCellViewModel.swift */ = {isa = PBXFileReference; lastKnownFileType = sourcecode.swift; path = ContinentsTableCellViewModel.swift; sourceTree = "<group>"; };
		132EC42E281DC0F4002CC1B2 /* ContinentsResponse.swift */ = {isa = PBXFileReference; lastKnownFileType = sourcecode.swift; path = ContinentsResponse.swift; sourceTree = "<group>"; };
		1350F2242819C70A005CD992 /* Configuration.swift */ = {isa = PBXFileReference; lastKnownFileType = sourcecode.swift; path = Configuration.swift; sourceTree = "<group>"; };
		1350F2262819C7A3005CD992 /* Service.swift */ = {isa = PBXFileReference; lastKnownFileType = sourcecode.swift; path = Service.swift; sourceTree = "<group>"; };
		1350F2282819C7AD005CD992 /* Target.swift */ = {isa = PBXFileReference; lastKnownFileType = sourcecode.swift; path = Target.swift; sourceTree = "<group>"; };
		1350F2412819D7D6005CD992 /* TabBarController.swift */ = {isa = PBXFileReference; lastKnownFileType = sourcecode.swift; path = TabBarController.swift; sourceTree = "<group>"; };
		1350F2432819D80A005CD992 /* CustomTabBarView.swift */ = {isa = PBXFileReference; lastKnownFileType = sourcecode.swift; path = CustomTabBarView.swift; sourceTree = "<group>"; };
		1350F2452819D92E005CD992 /* TabItem.swift */ = {isa = PBXFileReference; lastKnownFileType = sourcecode.swift; path = TabItem.swift; sourceTree = "<group>"; };
		1350F2472819DCBB005CD992 /* TabBarCoordinator.swift */ = {isa = PBXFileReference; lastKnownFileType = sourcecode.swift; path = TabBarCoordinator.swift; sourceTree = "<group>"; };
		1356B0612836404200C4B113 /* AlertController.swift */ = {isa = PBXFileReference; lastKnownFileType = sourcecode.swift; path = AlertController.swift; sourceTree = "<group>"; };
		1360455E28159D1900578AFF /* Teleport.app */ = {isa = PBXFileReference; explicitFileType = wrapper.application; includeInIndex = 0; path = Teleport.app; sourceTree = BUILT_PRODUCTS_DIR; };
		1360456128159D1900578AFF /* AppDelegate.swift */ = {isa = PBXFileReference; lastKnownFileType = sourcecode.swift; path = AppDelegate.swift; sourceTree = "<group>"; };
		1360456528159D1900578AFF /* ViewController.swift */ = {isa = PBXFileReference; lastKnownFileType = sourcecode.swift; path = ViewController.swift; sourceTree = "<group>"; };
		1360456828159D1900578AFF /* Base */ = {isa = PBXFileReference; lastKnownFileType = file.storyboard; name = Base; path = Base.lproj/Main.storyboard; sourceTree = "<group>"; };
		1360456A28159D1F00578AFF /* Assets.xcassets */ = {isa = PBXFileReference; lastKnownFileType = folder.assetcatalog; path = Assets.xcassets; sourceTree = "<group>"; };
		1360456D28159D1F00578AFF /* Base */ = {isa = PBXFileReference; lastKnownFileType = file.storyboard; name = Base; path = Base.lproj/LaunchScreen.storyboard; sourceTree = "<group>"; };
		1360456F28159D1F00578AFF /* Info.plist */ = {isa = PBXFileReference; lastKnownFileType = text.plist.xml; path = Info.plist; sourceTree = "<group>"; };
		1360457428159D2000578AFF /* TeleportTests.xctest */ = {isa = PBXFileReference; explicitFileType = wrapper.cfbundle; includeInIndex = 0; path = TeleportTests.xctest; sourceTree = BUILT_PRODUCTS_DIR; };
		1360457828159D2000578AFF /* TeleportTests.swift */ = {isa = PBXFileReference; lastKnownFileType = sourcecode.swift; path = TeleportTests.swift; sourceTree = "<group>"; };
		1360457E28159D2000578AFF /* TeleportUITests.xctest */ = {isa = PBXFileReference; explicitFileType = wrapper.cfbundle; includeInIndex = 0; path = TeleportUITests.xctest; sourceTree = BUILT_PRODUCTS_DIR; };
		1360458228159D2000578AFF /* TeleportUITests.swift */ = {isa = PBXFileReference; lastKnownFileType = sourcecode.swift; path = TeleportUITests.swift; sourceTree = "<group>"; };
		1360458428159D2000578AFF /* TeleportUITestsLaunchTests.swift */ = {isa = PBXFileReference; lastKnownFileType = sourcecode.swift; path = TeleportUITestsLaunchTests.swift; sourceTree = "<group>"; };
		138A3CFD28268B0A00996FC4 /* ContinentCountryViewController.swift */ = {isa = PBXFileReference; lastKnownFileType = sourcecode.swift; path = ContinentCountryViewController.swift; sourceTree = "<group>"; };
		138A3CFF28268B2900996FC4 /* ContinentCountryViewModel.swift */ = {isa = PBXFileReference; lastKnownFileType = sourcecode.swift; path = ContinentCountryViewModel.swift; sourceTree = "<group>"; };
		138A3D0228268B4800996FC4 /* ContinentCountryCell.swift */ = {isa = PBXFileReference; lastKnownFileType = sourcecode.swift; path = ContinentCountryCell.swift; sourceTree = "<group>"; };
		138A3D0428268B6000996FC4 /* ContinentCountryCellViewModel.swift */ = {isa = PBXFileReference; lastKnownFileType = sourcecode.swift; path = ContinentCountryCellViewModel.swift; sourceTree = "<group>"; };
		138A3D082826927600996FC4 /* ContinentCountryResponse.swift */ = {isa = PBXFileReference; lastKnownFileType = sourcecode.swift; path = ContinentCountryResponse.swift; sourceTree = "<group>"; };
		1391D8B3282E8F4700E1679E /* UrbanAreasViewController.swift */ = {isa = PBXFileReference; lastKnownFileType = sourcecode.swift; path = UrbanAreasViewController.swift; sourceTree = "<group>"; };
		1391D8B5282E8F5500E1679E /* UrbanAreasViewModel.swift */ = {isa = PBXFileReference; lastKnownFileType = sourcecode.swift; path = UrbanAreasViewModel.swift; sourceTree = "<group>"; };
		1391D8B8282E8F6A00E1679E /* UrbanAreasTableCell.swift */ = {isa = PBXFileReference; lastKnownFileType = sourcecode.swift; path = UrbanAreasTableCell.swift; sourceTree = "<group>"; };
		1391D8BA282E8F7900E1679E /* UrbanAreasTableCellViewModel.swift */ = {isa = PBXFileReference; lastKnownFileType = sourcecode.swift; path = UrbanAreasTableCellViewModel.swift; sourceTree = "<group>"; };
		1391D8BC282E900D00E1679E /* UrbansResponse.swift */ = {isa = PBXFileReference; lastKnownFileType = sourcecode.swift; path = UrbansResponse.swift; sourceTree = "<group>"; };
		1391D8BF282F9AFF00E1679E /* SalariesViewController.swift */ = {isa = PBXFileReference; lastKnownFileType = sourcecode.swift; path = SalariesViewController.swift; sourceTree = "<group>"; };
		1391D8C1282F9B0C00E1679E /* SalariesViewModel.swift */ = {isa = PBXFileReference; lastKnownFileType = sourcecode.swift; path = SalariesViewModel.swift; sourceTree = "<group>"; };
		1391D8C3282F9C4C00E1679E /* SalaryResponse.swift */ = {isa = PBXFileReference; lastKnownFileType = sourcecode.swift; path = SalaryResponse.swift; sourceTree = "<group>"; };
		1391D8C6282FA1B300E1679E /* SalariesTableCell.swift */ = {isa = PBXFileReference; lastKnownFileType = sourcecode.swift; path = SalariesTableCell.swift; sourceTree = "<group>"; };
		1391D8C8282FA1C100E1679E /* SalariesTableCellViewModel.swift */ = {isa = PBXFileReference; lastKnownFileType = sourcecode.swift; path = SalariesTableCellViewModel.swift; sourceTree = "<group>"; };
		13BCE221282BB360004D7067 /* SearchCoordinator.swift */ = {isa = PBXFileReference; lastKnownFileType = sourcecode.swift; path = SearchCoordinator.swift; sourceTree = "<group>"; };
		13BCE225282BB3BE004D7067 /* ContinentsCoordinator.swift */ = {isa = PBXFileReference; lastKnownFileType = sourcecode.swift; path = ContinentsCoordinator.swift; sourceTree = "<group>"; };
		13BCE227282BB3E1004D7067 /* UrbanAreasCoordinator.swift */ = {isa = PBXFileReference; lastKnownFileType = sourcecode.swift; path = UrbanAreasCoordinator.swift; sourceTree = "<group>"; };
		14C928DC145C83E4DFD76D24 /* Pods-Teleport.debug.xcconfig */ = {isa = PBXFileReference; includeInIndex = 1; lastKnownFileType = text.xcconfig; name = "Pods-Teleport.debug.xcconfig"; path = "Target Support Files/Pods-Teleport/Pods-Teleport.debug.xcconfig"; sourceTree = "<group>"; };
		9FACDC89459FDD421551DC09 /* Pods-Teleport.release.xcconfig */ = {isa = PBXFileReference; includeInIndex = 1; lastKnownFileType = text.xcconfig; name = "Pods-Teleport.release.xcconfig"; path = "Target Support Files/Pods-Teleport/Pods-Teleport.release.xcconfig"; sourceTree = "<group>"; };
		F23E3C55E03D21091F5F143D /* Pods_Teleport.framework */ = {isa = PBXFileReference; explicitFileType = wrapper.framework; includeInIndex = 0; path = Pods_Teleport.framework; sourceTree = BUILT_PRODUCTS_DIR; };
/* End PBXFileReference section */

/* Begin PBXFrameworksBuildPhase section */
		1360455B28159D1900578AFF /* Frameworks */ = {
			isa = PBXFrameworksBuildPhase;
			buildActionMask = 2147483647;
			files = (
				0A23671B3518D7AB8E5C1F02 /* Pods_Teleport.framework in Frameworks */,
			);
			runOnlyForDeploymentPostprocessing = 0;
		};
		1360457128159D2000578AFF /* Frameworks */ = {
			isa = PBXFrameworksBuildPhase;
			buildActionMask = 2147483647;
			files = (
			);
			runOnlyForDeploymentPostprocessing = 0;
		};
		1360457B28159D2000578AFF /* Frameworks */ = {
			isa = PBXFrameworksBuildPhase;
			buildActionMask = 2147483647;
			files = (
			);
			runOnlyForDeploymentPostprocessing = 0;
		};
/* End PBXFrameworksBuildPhase section */

/* Begin PBXGroup section */
		132EC424281DBC06002CC1B2 /* Continents */ = {
			isa = PBXGroup;
			children = (
				13BCE225282BB3BE004D7067 /* ContinentsCoordinator.swift */,
				132EC425281DBC1E002CC1B2 /* TableCells + VM */,
				132EC426281DBC3A002CC1B2 /* ContinentsViewController.swift */,
				132EC428281DBC45002CC1B2 /* ContinentsViewModel.swift */,
			);
			path = Continents;
			sourceTree = "<group>";
		};
		132EC425281DBC1E002CC1B2 /* TableCells + VM */ = {
			isa = PBXGroup;
			children = (
				132EC42A281DBC80002CC1B2 /* ContinentsTableCell.swift */,
				132EC42C281DBC91002CC1B2 /* ContinentsTableCellViewModel.swift */,
			);
			path = "TableCells + VM";
			sourceTree = "<group>";
		};
		1350F2222819C693005CD992 /* Service */ = {
			isa = PBXGroup;
			children = (
				1350F2232819C699005CD992 /* Structs */,
				1350F2242819C70A005CD992 /* Configuration.swift */,
				1350F2262819C7A3005CD992 /* Service.swift */,
				1350F2282819C7AD005CD992 /* Target.swift */,
			);
			path = Service;
			sourceTree = "<group>";
		};
		1350F2232819C699005CD992 /* Structs */ = {
			isa = PBXGroup;
			children = (
				132EC42E281DC0F4002CC1B2 /* ContinentsResponse.swift */,
				1391D8C3282F9C4C00E1679E /* SalaryResponse.swift */,
				138A3D082826927600996FC4 /* ContinentCountryResponse.swift */,
				1391D8BC282E900D00E1679E /* UrbansResponse.swift */,
			);
			path = Structs;
			sourceTree = "<group>";
		};
		1350F2402819D7B5005CD992 /* Tabbar */ = {
			isa = PBXGroup;
			children = (
				1350F2412819D7D6005CD992 /* TabBarController.swift */,
				1350F2432819D80A005CD992 /* CustomTabBarView.swift */,
				1350F2452819D92E005CD992 /* TabItem.swift */,
				1350F2472819DCBB005CD992 /* TabBarCoordinator.swift */,
			);
			path = Tabbar;
			sourceTree = "<group>";
		};
		1360455528159D1900578AFF = {
			isa = PBXGroup;
			children = (
				1360456028159D1900578AFF /* Teleport */,
				1360457728159D2000578AFF /* TeleportTests */,
				1360458128159D2000578AFF /* TeleportUITests */,
				1360455F28159D1900578AFF /* Products */,
				20DAB13C08BD55C2DAACE1EF /* Pods */,
				22DFB85AB7AE33ECB92DD1E6 /* Frameworks */,
			);
			sourceTree = "<group>";
		};
		1360455F28159D1900578AFF /* Products */ = {
			isa = PBXGroup;
			children = (
				1360455E28159D1900578AFF /* Teleport.app */,
				1360457428159D2000578AFF /* TeleportTests.xctest */,
				1360457E28159D2000578AFF /* TeleportUITests.xctest */,
			);
			name = Products;
			sourceTree = "<group>";
		};
		1360456028159D1900578AFF /* Teleport */ = {
			isa = PBXGroup;
			children = (
				1391D8B2282E8F0A00E1679E /* Moduls */,
				13BCE21E282BB329004D7067 /* Coordinators */,
				138A3CE9282689F600996FC4 /* Extensions */,
				1350F2402819D7B5005CD992 /* Tabbar */,
				1350F2222819C693005CD992 /* Service */,
				1360456128159D1900578AFF /* AppDelegate.swift */,
				1360456528159D1900578AFF /* ViewController.swift */,
				1360456728159D1900578AFF /* Main.storyboard */,
				1360456A28159D1F00578AFF /* Assets.xcassets */,
				1360456C28159D1F00578AFF /* LaunchScreen.storyboard */,
				1360456F28159D1F00578AFF /* Info.plist */,
			);
			path = Teleport;
			sourceTree = "<group>";
		};
		1360457728159D2000578AFF /* TeleportTests */ = {
			isa = PBXGroup;
			children = (
				1360457828159D2000578AFF /* TeleportTests.swift */,
			);
			path = TeleportTests;
			sourceTree = "<group>";
		};
		1360458128159D2000578AFF /* TeleportUITests */ = {
			isa = PBXGroup;
			children = (
				1360458228159D2000578AFF /* TeleportUITests.swift */,
				1360458428159D2000578AFF /* TeleportUITestsLaunchTests.swift */,
			);
			path = TeleportUITests;
			sourceTree = "<group>";
		};
		138A3CE9282689F600996FC4 /* Extensions */ = {
			isa = PBXGroup;
			children = (
				13078D07287880B700E5B6A7 /* AnyCellViewModelProtocol.swift */,
				13078D0A287880B700E5B6A7 /* String+SelectedSubstring.swift */,
				13078D0C287880B700E5B6A7 /* TableViewCellModelProtocol.swift */,
				13078D09287880B700E5B6A7 /* UICollectionView + RxSwift.swift */,
				13078D06287880B600E5B6A7 /* UICollectionView+Reusable.swift */,
				13078D05287880B600E5B6A7 /* UICollectionView+ViewModel.swift */,
				13078D0D287880B700E5B6A7 /* UITableView + Rx.swift */,
				13078D0B287880B700E5B6A7 /* UITableViewCell+Reusable.swift */,
			);
			path = Extensions;
			sourceTree = "<group>";
		};
		138A3CFC28268AC500996FC4 /* ContinentCountry */ = {
			isa = PBXGroup;
			children = (
				138A3D0128268B3900996FC4 /* Cells */,
				138A3CFD28268B0A00996FC4 /* ContinentCountryViewController.swift */,
				138A3CFF28268B2900996FC4 /* ContinentCountryViewModel.swift */,
			);
			path = ContinentCountry;
			sourceTree = "<group>";
		};
		138A3D0128268B3900996FC4 /* Cells */ = {
			isa = PBXGroup;
			children = (
				138A3D0228268B4800996FC4 /* ContinentCountryCell.swift */,
				138A3D0428268B6000996FC4 /* ContinentCountryCellViewModel.swift */,
			);
			path = Cells;
			sourceTree = "<group>";
		};
		1391D8B0282E8EEE00E1679E /* UrbanAreas */ = {
			isa = PBXGroup;
			children = (
				1391D8B7282E8F5C00E1679E /* Cells */,
				13BCE227282BB3E1004D7067 /* UrbanAreasCoordinator.swift */,
				1391D8B3282E8F4700E1679E /* UrbanAreasViewController.swift */,
				1391D8B5282E8F5500E1679E /* UrbanAreasViewModel.swift */,
			);
			path = UrbanAreas;
			sourceTree = "<group>";
		};
		1391D8B2282E8F0A00E1679E /* Moduls */ = {
			isa = PBXGroup;
			children = (
				1391D8BE282F9AEC00E1679E /* Salaries */,
				132EC424281DBC06002CC1B2 /* Continents */,
				138A3CFC28268AC500996FC4 /* ContinentCountry */,
				1391D8B0282E8EEE00E1679E /* UrbanAreas */,
			);
			path = Moduls;
			sourceTree = "<group>";
		};
		1391D8B7282E8F5C00E1679E /* Cells */ = {
			isa = PBXGroup;
			children = (
				1391D8B8282E8F6A00E1679E /* UrbanAreasTableCell.swift */,
				1391D8BA282E8F7900E1679E /* UrbanAreasTableCellViewModel.swift */,
			);
			path = Cells;
			sourceTree = "<group>";
		};
		1391D8BE282F9AEC00E1679E /* Salaries */ = {
			isa = PBXGroup;
			children = (
				1391D8CF283561D000E1679E /* Views */,
				1391D8C5282FA1A600E1679E /* Cell */,
				1391D8BF282F9AFF00E1679E /* SalariesViewController.swift */,
				1391D8C1282F9B0C00E1679E /* SalariesViewModel.swift */,
			);
			path = Salaries;
			sourceTree = "<group>";
		};
		1391D8C5282FA1A600E1679E /* Cell */ = {
			isa = PBXGroup;
			children = (
				1391D8C6282FA1B300E1679E /* SalariesTableCell.swift */,
				1391D8C8282FA1C100E1679E /* SalariesTableCellViewModel.swift */,
			);
			path = Cell;
			sourceTree = "<group>";
		};
		1391D8CF283561D000E1679E /* Views */ = {
			isa = PBXGroup;
			children = (
				1356B0612836404200C4B113 /* AlertController.swift */,
			);
			path = Views;
			sourceTree = "<group>";
		};
		13BCE21E282BB329004D7067 /* Coordinators */ = {
			isa = PBXGroup;
			children = (
				13BCE221282BB360004D7067 /* SearchCoordinator.swift */,
			);
			path = Coordinators;
			sourceTree = "<group>";
		};
		20DAB13C08BD55C2DAACE1EF /* Pods */ = {
			isa = PBXGroup;
			children = (
				14C928DC145C83E4DFD76D24 /* Pods-Teleport.debug.xcconfig */,
				9FACDC89459FDD421551DC09 /* Pods-Teleport.release.xcconfig */,
			);
			path = Pods;
			sourceTree = "<group>";
		};
		22DFB85AB7AE33ECB92DD1E6 /* Frameworks */ = {
			isa = PBXGroup;
			children = (
				F23E3C55E03D21091F5F143D /* Pods_Teleport.framework */,
			);
			name = Frameworks;
			sourceTree = "<group>";
		};
/* End PBXGroup section */

/* Begin PBXNativeTarget section */
		1360455D28159D1900578AFF /* Teleport */ = {
			isa = PBXNativeTarget;
			buildConfigurationList = 1360458828159D2000578AFF /* Build configuration list for PBXNativeTarget "Teleport" */;
			buildPhases = (
				2D36613229FBBC830FB527CB /* [CP] Check Pods Manifest.lock */,
				1360455A28159D1900578AFF /* Sources */,
				1360455B28159D1900578AFF /* Frameworks */,
				1360455C28159D1900578AFF /* Resources */,
				00D620A9F5E55C002166674C /* [CP] Embed Pods Frameworks */,
			);
			buildRules = (
			);
			dependencies = (
			);
			name = Teleport;
			productName = Teleport;
			productReference = 1360455E28159D1900578AFF /* Teleport.app */;
			productType = "com.apple.product-type.application";
		};
		1360457328159D2000578AFF /* TeleportTests */ = {
			isa = PBXNativeTarget;
			buildConfigurationList = 1360458B28159D2000578AFF /* Build configuration list for PBXNativeTarget "TeleportTests" */;
			buildPhases = (
				1360457028159D2000578AFF /* Sources */,
				1360457128159D2000578AFF /* Frameworks */,
				1360457228159D2000578AFF /* Resources */,
			);
			buildRules = (
			);
			dependencies = (
				1360457628159D2000578AFF /* PBXTargetDependency */,
			);
			name = TeleportTests;
			productName = TeleportTests;
			productReference = 1360457428159D2000578AFF /* TeleportTests.xctest */;
			productType = "com.apple.product-type.bundle.unit-test";
		};
		1360457D28159D2000578AFF /* TeleportUITests */ = {
			isa = PBXNativeTarget;
			buildConfigurationList = 1360458E28159D2000578AFF /* Build configuration list for PBXNativeTarget "TeleportUITests" */;
			buildPhases = (
				1360457A28159D2000578AFF /* Sources */,
				1360457B28159D2000578AFF /* Frameworks */,
				1360457C28159D2000578AFF /* Resources */,
			);
			buildRules = (
			);
			dependencies = (
				1360458028159D2000578AFF /* PBXTargetDependency */,
			);
			name = TeleportUITests;
			productName = TeleportUITests;
			productReference = 1360457E28159D2000578AFF /* TeleportUITests.xctest */;
			productType = "com.apple.product-type.bundle.ui-testing";
		};
/* End PBXNativeTarget section */

/* Begin PBXProject section */
		1360455628159D1900578AFF /* Project object */ = {
			isa = PBXProject;
			attributes = {
				BuildIndependentTargetsInParallel = 1;
				LastSwiftUpdateCheck = 1330;
				LastUpgradeCheck = 1330;
				TargetAttributes = {
					1360455D28159D1900578AFF = {
						CreatedOnToolsVersion = 13.3;
					};
					1360457328159D2000578AFF = {
						CreatedOnToolsVersion = 13.3;
						TestTargetID = 1360455D28159D1900578AFF;
					};
					1360457D28159D2000578AFF = {
						CreatedOnToolsVersion = 13.3;
						TestTargetID = 1360455D28159D1900578AFF;
					};
				};
			};
			buildConfigurationList = 1360455928159D1900578AFF /* Build configuration list for PBXProject "Teleport" */;
			compatibilityVersion = "Xcode 13.0";
			developmentRegion = en;
			hasScannedForEncodings = 0;
			knownRegions = (
				en,
				Base,
			);
			mainGroup = 1360455528159D1900578AFF;
			productRefGroup = 1360455F28159D1900578AFF /* Products */;
			projectDirPath = "";
			projectRoot = "";
			targets = (
				1360455D28159D1900578AFF /* Teleport */,
				1360457328159D2000578AFF /* TeleportTests */,
				1360457D28159D2000578AFF /* TeleportUITests */,
			);
		};
/* End PBXProject section */

/* Begin PBXResourcesBuildPhase section */
		1360455C28159D1900578AFF /* Resources */ = {
			isa = PBXResourcesBuildPhase;
			buildActionMask = 2147483647;
			files = (
				1360456E28159D1F00578AFF /* LaunchScreen.storyboard in Resources */,
				1360456B28159D1F00578AFF /* Assets.xcassets in Resources */,
				1360456928159D1900578AFF /* Main.storyboard in Resources */,
			);
			runOnlyForDeploymentPostprocessing = 0;
		};
		1360457228159D2000578AFF /* Resources */ = {
			isa = PBXResourcesBuildPhase;
			buildActionMask = 2147483647;
			files = (
			);
			runOnlyForDeploymentPostprocessing = 0;
		};
		1360457C28159D2000578AFF /* Resources */ = {
			isa = PBXResourcesBuildPhase;
			buildActionMask = 2147483647;
			files = (
			);
			runOnlyForDeploymentPostprocessing = 0;
		};
/* End PBXResourcesBuildPhase section */

/* Begin PBXShellScriptBuildPhase section */
		00D620A9F5E55C002166674C /* [CP] Embed Pods Frameworks */ = {
			isa = PBXShellScriptBuildPhase;
			buildActionMask = 2147483647;
			files = (
			);
			inputFileListPaths = (
				"${PODS_ROOT}/Target Support Files/Pods-Teleport/Pods-Teleport-frameworks-${CONFIGURATION}-input-files.xcfilelist",
			);
			name = "[CP] Embed Pods Frameworks";
			outputFileListPaths = (
				"${PODS_ROOT}/Target Support Files/Pods-Teleport/Pods-Teleport-frameworks-${CONFIGURATION}-output-files.xcfilelist",
			);
			runOnlyForDeploymentPostprocessing = 0;
			shellPath = /bin/sh;
			shellScript = "\"${PODS_ROOT}/Target Support Files/Pods-Teleport/Pods-Teleport-frameworks.sh\"\n";
			showEnvVarsInLog = 0;
		};
		2D36613229FBBC830FB527CB /* [CP] Check Pods Manifest.lock */ = {
			isa = PBXShellScriptBuildPhase;
			buildActionMask = 2147483647;
			files = (
			);
			inputFileListPaths = (
			);
			inputPaths = (
				"${PODS_PODFILE_DIR_PATH}/Podfile.lock",
				"${PODS_ROOT}/Manifest.lock",
			);
			name = "[CP] Check Pods Manifest.lock";
			outputFileListPaths = (
			);
			outputPaths = (
				"$(DERIVED_FILE_DIR)/Pods-Teleport-checkManifestLockResult.txt",
			);
			runOnlyForDeploymentPostprocessing = 0;
			shellPath = /bin/sh;
			shellScript = "diff \"${PODS_PODFILE_DIR_PATH}/Podfile.lock\" \"${PODS_ROOT}/Manifest.lock\" > /dev/null\nif [ $? != 0 ] ; then\n    # print error to STDERR\n    echo \"error: The sandbox is not in sync with the Podfile.lock. Run 'pod install' or update your CocoaPods installation.\" >&2\n    exit 1\nfi\n# This output is used by Xcode 'outputs' to avoid re-running this script phase.\necho \"SUCCESS\" > \"${SCRIPT_OUTPUT_FILE_0}\"\n";
			showEnvVarsInLog = 0;
		};
/* End PBXShellScriptBuildPhase section */

/* Begin PBXSourcesBuildPhase section */
		1360455A28159D1900578AFF /* Sources */ = {
			isa = PBXSourcesBuildPhase;
			buildActionMask = 2147483647;
			files = (
				1360456628159D1900578AFF /* ViewController.swift in Sources */,
				13078D14287880B700E5B6A7 /* UITableViewCell+Reusable.swift in Sources */,
				1350F2422819D7D6005CD992 /* TabBarController.swift in Sources */,
				13BCE222282BB360004D7067 /* SearchCoordinator.swift in Sources */,
				1356B0622836404200C4B113 /* AlertController.swift in Sources */,
				138A3D092826927600996FC4 /* ContinentCountryResponse.swift in Sources */,
				132EC42D281DBC91002CC1B2 /* ContinentsTableCellViewModel.swift in Sources */,
				1391D8C7282FA1B300E1679E /* SalariesTableCell.swift in Sources */,
				1350F2252819C70A005CD992 /* Configuration.swift in Sources */,
				1350F2292819C7AD005CD992 /* Target.swift in Sources */,
				132EC427281DBC3A002CC1B2 /* ContinentsViewController.swift in Sources */,
				13078D0F287880B700E5B6A7 /* UICollectionView+Reusable.swift in Sources */,
				132EC42B281DBC80002CC1B2 /* ContinentsTableCell.swift in Sources */,
				13078D12287880B700E5B6A7 /* UICollectionView + RxSwift.swift in Sources */,
				13078D10287880B700E5B6A7 /* AnyCellViewModelProtocol.swift in Sources */,
				13BCE226282BB3BF004D7067 /* ContinentsCoordinator.swift in Sources */,
				1391D8B9282E8F6A00E1679E /* UrbanAreasTableCell.swift in Sources */,
				1360456228159D1900578AFF /* AppDelegate.swift in Sources */,
				13078D15287880B700E5B6A7 /* TableViewCellModelProtocol.swift in Sources */,
				132EC429281DBC45002CC1B2 /* ContinentsViewModel.swift in Sources */,
				1350F2442819D80A005CD992 /* CustomTabBarView.swift in Sources */,
				1391D8BB282E8F7900E1679E /* UrbanAreasTableCellViewModel.swift in Sources */,
				1391D8B6282E8F5500E1679E /* UrbanAreasViewModel.swift in Sources */,
				138A3D0028268B2900996FC4 /* ContinentCountryViewModel.swift in Sources */,
				13078D16287880B700E5B6A7 /* UITableView + Rx.swift in Sources */,
				1391D8C0282F9AFF00E1679E /* SalariesViewController.swift in Sources */,
				132EC42F281DC0F4002CC1B2 /* ContinentsResponse.swift in Sources */,
				13078D0E287880B700E5B6A7 /* UICollectionView+ViewModel.swift in Sources */,
				138A3CFE28268B0A00996FC4 /* ContinentCountryViewController.swift in Sources */,
				1391D8C2282F9B0C00E1679E /* SalariesViewModel.swift in Sources */,
				138A3D0328268B4800996FC4 /* ContinentCountryCell.swift in Sources */,
				1391D8BD282E900D00E1679E /* UrbansResponse.swift in Sources */,
				13078D13287880B700E5B6A7 /* String+SelectedSubstring.swift in Sources */,
				1391D8B4282E8F4700E1679E /* UrbanAreasViewController.swift in Sources */,
				1350F2482819DCBB005CD992 /* TabBarCoordinator.swift in Sources */,
				13BCE228282BB3E1004D7067 /* UrbanAreasCoordinator.swift in Sources */,
				1391D8C9282FA1C100E1679E /* SalariesTableCellViewModel.swift in Sources */,
				1391D8C4282F9C4C00E1679E /* SalaryResponse.swift in Sources */,
				138A3D0528268B6000996FC4 /* ContinentCountryCellViewModel.swift in Sources */,
				1350F2462819D92E005CD992 /* TabItem.swift in Sources */,
				1350F2272819C7A3005CD992 /* Service.swift in Sources */,
			);
			runOnlyForDeploymentPostprocessing = 0;
		};
		1360457028159D2000578AFF /* Sources */ = {
			isa = PBXSourcesBuildPhase;
			buildActionMask = 2147483647;
			files = (
				1360457928159D2000578AFF /* TeleportTests.swift in Sources */,
			);
			runOnlyForDeploymentPostprocessing = 0;
		};
		1360457A28159D2000578AFF /* Sources */ = {
			isa = PBXSourcesBuildPhase;
			buildActionMask = 2147483647;
			files = (
				1360458528159D2000578AFF /* TeleportUITestsLaunchTests.swift in Sources */,
				1360458328159D2000578AFF /* TeleportUITests.swift in Sources */,
			);
			runOnlyForDeploymentPostprocessing = 0;
		};
/* End PBXSourcesBuildPhase section */

/* Begin PBXTargetDependency section */
		1360457628159D2000578AFF /* PBXTargetDependency */ = {
			isa = PBXTargetDependency;
			target = 1360455D28159D1900578AFF /* Teleport */;
			targetProxy = 1360457528159D2000578AFF /* PBXContainerItemProxy */;
		};
		1360458028159D2000578AFF /* PBXTargetDependency */ = {
			isa = PBXTargetDependency;
			target = 1360455D28159D1900578AFF /* Teleport */;
			targetProxy = 1360457F28159D2000578AFF /* PBXContainerItemProxy */;
		};
/* End PBXTargetDependency section */

/* Begin PBXVariantGroup section */
		1360456728159D1900578AFF /* Main.storyboard */ = {
			isa = PBXVariantGroup;
			children = (
				1360456828159D1900578AFF /* Base */,
			);
			name = Main.storyboard;
			sourceTree = "<group>";
		};
		1360456C28159D1F00578AFF /* LaunchScreen.storyboard */ = {
			isa = PBXVariantGroup;
			children = (
				1360456D28159D1F00578AFF /* Base */,
			);
			name = LaunchScreen.storyboard;
			sourceTree = "<group>";
		};
/* End PBXVariantGroup section */

/* Begin XCBuildConfiguration section */
		1360458628159D2000578AFF /* Debug */ = {
			isa = XCBuildConfiguration;
			buildSettings = {
				ALWAYS_SEARCH_USER_PATHS = NO;
				CLANG_ANALYZER_NONNULL = YES;
				CLANG_ANALYZER_NUMBER_OBJECT_CONVERSION = YES_AGGRESSIVE;
				CLANG_CXX_LANGUAGE_STANDARD = "gnu++17";
				CLANG_ENABLE_MODULES = YES;
				CLANG_ENABLE_OBJC_ARC = YES;
				CLANG_ENABLE_OBJC_WEAK = YES;
				CLANG_WARN_BLOCK_CAPTURE_AUTORELEASING = YES;
				CLANG_WARN_BOOL_CONVERSION = YES;
				CLANG_WARN_COMMA = YES;
				CLANG_WARN_CONSTANT_CONVERSION = YES;
				CLANG_WARN_DEPRECATED_OBJC_IMPLEMENTATIONS = YES;
				CLANG_WARN_DIRECT_OBJC_ISA_USAGE = YES_ERROR;
				CLANG_WARN_DOCUMENTATION_COMMENTS = YES;
				CLANG_WARN_EMPTY_BODY = YES;
				CLANG_WARN_ENUM_CONVERSION = YES;
				CLANG_WARN_INFINITE_RECURSION = YES;
				CLANG_WARN_INT_CONVERSION = YES;
				CLANG_WARN_NON_LITERAL_NULL_CONVERSION = YES;
				CLANG_WARN_OBJC_IMPLICIT_RETAIN_SELF = YES;
				CLANG_WARN_OBJC_LITERAL_CONVERSION = YES;
				CLANG_WARN_OBJC_ROOT_CLASS = YES_ERROR;
				CLANG_WARN_QUOTED_INCLUDE_IN_FRAMEWORK_HEADER = YES;
				CLANG_WARN_RANGE_LOOP_ANALYSIS = YES;
				CLANG_WARN_STRICT_PROTOTYPES = YES;
				CLANG_WARN_SUSPICIOUS_MOVE = YES;
				CLANG_WARN_UNGUARDED_AVAILABILITY = YES_AGGRESSIVE;
				CLANG_WARN_UNREACHABLE_CODE = YES;
				CLANG_WARN__DUPLICATE_METHOD_MATCH = YES;
				COPY_PHASE_STRIP = NO;
				DEBUG_INFORMATION_FORMAT = dwarf;
				ENABLE_STRICT_OBJC_MSGSEND = YES;
				ENABLE_TESTABILITY = YES;
				GCC_C_LANGUAGE_STANDARD = gnu11;
				GCC_DYNAMIC_NO_PIC = NO;
				GCC_NO_COMMON_BLOCKS = YES;
				GCC_OPTIMIZATION_LEVEL = 0;
				GCC_PREPROCESSOR_DEFINITIONS = (
					"DEBUG=1",
					"$(inherited)",
				);
				GCC_WARN_64_TO_32_BIT_CONVERSION = YES;
				GCC_WARN_ABOUT_RETURN_TYPE = YES_ERROR;
				GCC_WARN_UNDECLARED_SELECTOR = YES;
				GCC_WARN_UNINITIALIZED_AUTOS = YES_AGGRESSIVE;
				GCC_WARN_UNUSED_FUNCTION = YES;
				GCC_WARN_UNUSED_VARIABLE = YES;
				IPHONEOS_DEPLOYMENT_TARGET = 15.4;
				MTL_ENABLE_DEBUG_INFO = INCLUDE_SOURCE;
				MTL_FAST_MATH = YES;
				ONLY_ACTIVE_ARCH = YES;
				SDKROOT = iphoneos;
				SWIFT_ACTIVE_COMPILATION_CONDITIONS = DEBUG;
				SWIFT_OPTIMIZATION_LEVEL = "-Onone";
			};
			name = Debug;
		};
		1360458728159D2000578AFF /* Release */ = {
			isa = XCBuildConfiguration;
			buildSettings = {
				ALWAYS_SEARCH_USER_PATHS = NO;
				CLANG_ANALYZER_NONNULL = YES;
				CLANG_ANALYZER_NUMBER_OBJECT_CONVERSION = YES_AGGRESSIVE;
				CLANG_CXX_LANGUAGE_STANDARD = "gnu++17";
				CLANG_ENABLE_MODULES = YES;
				CLANG_ENABLE_OBJC_ARC = YES;
				CLANG_ENABLE_OBJC_WEAK = YES;
				CLANG_WARN_BLOCK_CAPTURE_AUTORELEASING = YES;
				CLANG_WARN_BOOL_CONVERSION = YES;
				CLANG_WARN_COMMA = YES;
				CLANG_WARN_CONSTANT_CONVERSION = YES;
				CLANG_WARN_DEPRECATED_OBJC_IMPLEMENTATIONS = YES;
				CLANG_WARN_DIRECT_OBJC_ISA_USAGE = YES_ERROR;
				CLANG_WARN_DOCUMENTATION_COMMENTS = YES;
				CLANG_WARN_EMPTY_BODY = YES;
				CLANG_WARN_ENUM_CONVERSION = YES;
				CLANG_WARN_INFINITE_RECURSION = YES;
				CLANG_WARN_INT_CONVERSION = YES;
				CLANG_WARN_NON_LITERAL_NULL_CONVERSION = YES;
				CLANG_WARN_OBJC_IMPLICIT_RETAIN_SELF = YES;
				CLANG_WARN_OBJC_LITERAL_CONVERSION = YES;
				CLANG_WARN_OBJC_ROOT_CLASS = YES_ERROR;
				CLANG_WARN_QUOTED_INCLUDE_IN_FRAMEWORK_HEADER = YES;
				CLANG_WARN_RANGE_LOOP_ANALYSIS = YES;
				CLANG_WARN_STRICT_PROTOTYPES = YES;
				CLANG_WARN_SUSPICIOUS_MOVE = YES;
				CLANG_WARN_UNGUARDED_AVAILABILITY = YES_AGGRESSIVE;
				CLANG_WARN_UNREACHABLE_CODE = YES;
				CLANG_WARN__DUPLICATE_METHOD_MATCH = YES;
				COPY_PHASE_STRIP = NO;
				DEBUG_INFORMATION_FORMAT = "dwarf-with-dsym";
				ENABLE_NS_ASSERTIONS = NO;
				ENABLE_STRICT_OBJC_MSGSEND = YES;
				GCC_C_LANGUAGE_STANDARD = gnu11;
				GCC_NO_COMMON_BLOCKS = YES;
				GCC_WARN_64_TO_32_BIT_CONVERSION = YES;
				GCC_WARN_ABOUT_RETURN_TYPE = YES_ERROR;
				GCC_WARN_UNDECLARED_SELECTOR = YES;
				GCC_WARN_UNINITIALIZED_AUTOS = YES_AGGRESSIVE;
				GCC_WARN_UNUSED_FUNCTION = YES;
				GCC_WARN_UNUSED_VARIABLE = YES;
				IPHONEOS_DEPLOYMENT_TARGET = 15.4;
				MTL_ENABLE_DEBUG_INFO = NO;
				MTL_FAST_MATH = YES;
				SDKROOT = iphoneos;
				SWIFT_COMPILATION_MODE = wholemodule;
				SWIFT_OPTIMIZATION_LEVEL = "-O";
				VALIDATE_PRODUCT = YES;
			};
			name = Release;
		};
		1360458928159D2000578AFF /* Debug */ = {
			isa = XCBuildConfiguration;
			baseConfigurationReference = 14C928DC145C83E4DFD76D24 /* Pods-Teleport.debug.xcconfig */;
			buildSettings = {
				ASSETCATALOG_COMPILER_APPICON_NAME = AppIcon;
				ASSETCATALOG_COMPILER_GLOBAL_ACCENT_COLOR_NAME = AccentColor;
				CODE_SIGN_STYLE = Automatic;
				CURRENT_PROJECT_VERSION = 1;
				GENERATE_INFOPLIST_FILE = YES;
				INFOPLIST_FILE = Teleport/Info.plist;
				INFOPLIST_KEY_UIApplicationSupportsIndirectInputEvents = YES;
				INFOPLIST_KEY_UILaunchStoryboardName = LaunchScreen;
				INFOPLIST_KEY_UISupportedInterfaceOrientations_iPad = "UIInterfaceOrientationPortrait UIInterfaceOrientationPortraitUpsideDown UIInterfaceOrientationLandscapeLeft UIInterfaceOrientationLandscapeRight";
				INFOPLIST_KEY_UISupportedInterfaceOrientations_iPhone = "UIInterfaceOrientationPortrait UIInterfaceOrientationLandscapeLeft UIInterfaceOrientationLandscapeRight";
				LD_RUNPATH_SEARCH_PATHS = (
					"$(inherited)",
					"@executable_path/Frameworks",
				);
				MARKETING_VERSION = 1.0;
				PRODUCT_BUNDLE_IDENTIFIER = "Maya-Kalitseva.Teleport";
				PRODUCT_NAME = "$(TARGET_NAME)";
				SWIFT_EMIT_LOC_STRINGS = YES;
				SWIFT_VERSION = 5.0;
				TARGETED_DEVICE_FAMILY = "1,2";
			};
			name = Debug;
		};
		1360458A28159D2000578AFF /* Release */ = {
			isa = XCBuildConfiguration;
			baseConfigurationReference = 9FACDC89459FDD421551DC09 /* Pods-Teleport.release.xcconfig */;
			buildSettings = {
				ASSETCATALOG_COMPILER_APPICON_NAME = AppIcon;
				ASSETCATALOG_COMPILER_GLOBAL_ACCENT_COLOR_NAME = AccentColor;
				CODE_SIGN_STYLE = Automatic;
				CURRENT_PROJECT_VERSION = 1;
				GENERATE_INFOPLIST_FILE = YES;
				INFOPLIST_FILE = Teleport/Info.plist;
				INFOPLIST_KEY_UIApplicationSupportsIndirectInputEvents = YES;
				INFOPLIST_KEY_UILaunchStoryboardName = LaunchScreen;
				INFOPLIST_KEY_UISupportedInterfaceOrientations_iPad = "UIInterfaceOrientationPortrait UIInterfaceOrientationPortraitUpsideDown UIInterfaceOrientationLandscapeLeft UIInterfaceOrientationLandscapeRight";
				INFOPLIST_KEY_UISupportedInterfaceOrientations_iPhone = "UIInterfaceOrientationPortrait UIInterfaceOrientationLandscapeLeft UIInterfaceOrientationLandscapeRight";
				LD_RUNPATH_SEARCH_PATHS = (
					"$(inherited)",
					"@executable_path/Frameworks",
				);
				MARKETING_VERSION = 1.0;
				PRODUCT_BUNDLE_IDENTIFIER = "Maya-Kalitseva.Teleport";
				PRODUCT_NAME = "$(TARGET_NAME)";
				SWIFT_EMIT_LOC_STRINGS = YES;
				SWIFT_VERSION = 5.0;
				TARGETED_DEVICE_FAMILY = "1,2";
			};
			name = Release;
		};
		1360458C28159D2000578AFF /* Debug */ = {
			isa = XCBuildConfiguration;
			buildSettings = {
				ALWAYS_EMBED_SWIFT_STANDARD_LIBRARIES = YES;
				BUNDLE_LOADER = "$(TEST_HOST)";
				CODE_SIGN_STYLE = Automatic;
				CURRENT_PROJECT_VERSION = 1;
				GENERATE_INFOPLIST_FILE = YES;
				IPHONEOS_DEPLOYMENT_TARGET = 15.4;
				MARKETING_VERSION = 1.0;
				PRODUCT_BUNDLE_IDENTIFIER = "Maya-Kalitseva.TeleportTests";
				PRODUCT_NAME = "$(TARGET_NAME)";
				SWIFT_EMIT_LOC_STRINGS = NO;
				SWIFT_VERSION = 5.0;
				TARGETED_DEVICE_FAMILY = "1,2";
				TEST_HOST = "$(BUILT_PRODUCTS_DIR)/Teleport.app/Teleport";
			};
			name = Debug;
		};
		1360458D28159D2000578AFF /* Release */ = {
			isa = XCBuildConfiguration;
			buildSettings = {
				ALWAYS_EMBED_SWIFT_STANDARD_LIBRARIES = YES;
				BUNDLE_LOADER = "$(TEST_HOST)";
				CODE_SIGN_STYLE = Automatic;
				CURRENT_PROJECT_VERSION = 1;
				GENERATE_INFOPLIST_FILE = YES;
				IPHONEOS_DEPLOYMENT_TARGET = 15.4;
				MARKETING_VERSION = 1.0;
				PRODUCT_BUNDLE_IDENTIFIER = "Maya-Kalitseva.TeleportTests";
				PRODUCT_NAME = "$(TARGET_NAME)";
				SWIFT_EMIT_LOC_STRINGS = NO;
				SWIFT_VERSION = 5.0;
				TARGETED_DEVICE_FAMILY = "1,2";
				TEST_HOST = "$(BUILT_PRODUCTS_DIR)/Teleport.app/Teleport";
			};
			name = Release;
		};
		1360458F28159D2000578AFF /* Debug */ = {
			isa = XCBuildConfiguration;
			buildSettings = {
				ALWAYS_EMBED_SWIFT_STANDARD_LIBRARIES = YES;
				CODE_SIGN_STYLE = Automatic;
				CURRENT_PROJECT_VERSION = 1;
				GENERATE_INFOPLIST_FILE = YES;
				MARKETING_VERSION = 1.0;
				PRODUCT_BUNDLE_IDENTIFIER = "Maya-Kalitseva.TeleportUITests";
				PRODUCT_NAME = "$(TARGET_NAME)";
				SWIFT_EMIT_LOC_STRINGS = NO;
				SWIFT_VERSION = 5.0;
				TARGETED_DEVICE_FAMILY = "1,2";
				TEST_TARGET_NAME = Teleport;
			};
			name = Debug;
		};
		1360459028159D2000578AFF /* Release */ = {
			isa = XCBuildConfiguration;
			buildSettings = {
				ALWAYS_EMBED_SWIFT_STANDARD_LIBRARIES = YES;
				CODE_SIGN_STYLE = Automatic;
				CURRENT_PROJECT_VERSION = 1;
				GENERATE_INFOPLIST_FILE = YES;
				MARKETING_VERSION = 1.0;
				PRODUCT_BUNDLE_IDENTIFIER = "Maya-Kalitseva.TeleportUITests";
				PRODUCT_NAME = "$(TARGET_NAME)";
				SWIFT_EMIT_LOC_STRINGS = NO;
				SWIFT_VERSION = 5.0;
				TARGETED_DEVICE_FAMILY = "1,2";
				TEST_TARGET_NAME = Teleport;
			};
			name = Release;
		};
/* End XCBuildConfiguration section */

/* Begin XCConfigurationList section */
		1360455928159D1900578AFF /* Build configuration list for PBXProject "Teleport" */ = {
			isa = XCConfigurationList;
			buildConfigurations = (
				1360458628159D2000578AFF /* Debug */,
				1360458728159D2000578AFF /* Release */,
			);
			defaultConfigurationIsVisible = 0;
			defaultConfigurationName = Release;
		};
		1360458828159D2000578AFF /* Build configuration list for PBXNativeTarget "Teleport" */ = {
			isa = XCConfigurationList;
			buildConfigurations = (
				1360458928159D2000578AFF /* Debug */,
				1360458A28159D2000578AFF /* Release */,
			);
			defaultConfigurationIsVisible = 0;
			defaultConfigurationName = Release;
		};
		1360458B28159D2000578AFF /* Build configuration list for PBXNativeTarget "TeleportTests" */ = {
			isa = XCConfigurationList;
			buildConfigurations = (
				1360458C28159D2000578AFF /* Debug */,
				1360458D28159D2000578AFF /* Release */,
			);
			defaultConfigurationIsVisible = 0;
			defaultConfigurationName = Release;
		};
		1360458E28159D2000578AFF /* Build configuration list for PBXNativeTarget "TeleportUITests" */ = {
			isa = XCConfigurationList;
			buildConfigurations = (
				1360458F28159D2000578AFF /* Debug */,
				1360459028159D2000578AFF /* Release */,
			);
			defaultConfigurationIsVisible = 0;
			defaultConfigurationName = Release;
		};
/* End XCConfigurationList section */
	};
	rootObject = 1360455628159D1900578AFF /* Project object */;
}
